dependencies:
- name: argo-workflows
  repository: https://argoproj.github.io/argo-helm
  version: 0.41.7
- name: argo-cd
  repository: https://argoproj.github.io/argo-helm
  version: 7.6.12
- name: argo-events
  repository: https://argoproj.github.io/argo-helm
  version: 2.4.17
- name: external-secrets
  repository: https://charts.external-secrets.io
  version: 1.0.0
digest: sha256:3509e21638c5f6671c249671742e03bbdaf4b7baa1ea4261fd74caf48a841178
generated: "2025-11-15T19:05:45.336326375Z"
